
Microsoft Visual Studio Solution File, Format Version 12.00
# Visual Studio 14
VisualStudioVersion = 14.0.25420.1
MinimumVisualStudioVersion = 10.0.40219.1
Project("{FAE04EC0-301F-11D3-BF4B-00C04F79EFBC}") = "TeduShop.Common", "TeduShop.Common\TeduShop.Common.csproj", "{C1586676-55F9-40D7-B6D8-5B972F7D3C07}"
EndProject
Project("{FAE04EC0-301F-11D3-BF4B-00C04F79EFBC}") = "TeduShop.Model", "TeduShop.Model\TeduShop.Model.csproj", "{39588B07-7104-4AB1-B321-6B0D0CE5EE1C}"
EndProject
Project("{FAE04EC0-301F-11D3-BF4B-00C04F79EFBC}") = "TeduShop.Data", "TeduShop.Data\TeduShop.Data.csproj", "{38EFC4F8-D538-4093-970D-A913FD1CDBEF}"
EndProject
Project("{FAE04EC0-301F-11D3-BF4B-00C04F79EFBC}") = "TeduShop.Service", "TeduShop.Service\TeduShop.Service.csproj", "{2A2C7C4E-3A6F-4324-B501-CC99420372A6}"
EndProject
Project("{FAE04EC0-301F-11D3-BF4B-00C04F79EFBC}") = "TeduShop.UnitTest", "TeduShop.UnitTest\TeduShop.UnitTest.csproj", "{C7105DDA-AB3F-4CAD-A31C-D8882DE0C3CB}"
EndProject
Project("{FAE04EC0-301F-11D3-BF4B-00C04F79EFBC}") = "TeduShop.Web", "TeduShop.Web\TeduShop.Web.csproj", "{3B9E892E-E693-4B31-BC4F-A320BA3A6B1C}"
EndProject
Global
	GlobalSection(SolutionConfigurationPlatforms) = preSolution
		Debug|Any CPU = Debug|Any CPU
		Release|Any CPU = Release|Any CPU
	EndGlobalSection
	GlobalSection(ProjectConfigurationPlatforms) = postSolution
		{C1586676-55F9-40D7-B6D8-5B972F7D3C07}.Debug|Any CPU.ActiveCfg = Debug|Any CPU
		{C1586676-55F9-40D7-B6D8-5B972F7D3C07}.Debug|Any CPU.Build.0 = Debug|Any CPU
		{C1586676-55F9-40D7-B6D8-5B972F7D3C07}.Release|Any CPU.ActiveCfg = Release|Any CPU
		{C1586676-55F9-40D7-B6D8-5B972F7D3C07}.Release|Any CPU.Build.0 = Release|Any CPU
		{39588B07-7104-4AB1-B321-6B0D0CE5EE1C}.Debug|Any CPU.ActiveCfg = Debug|Any CPU
		{39588B07-7104-4AB1-B321-6B0D0CE5EE1C}.Debug|Any CPU.Build.0 = Debug|Any CPU
		{39588B07-7104-4AB1-B321-6B0D0CE5EE1C}.Release|Any CPU.ActiveCfg = Release|Any CPU
		{39588B07-7104-4AB1-B321-6B0D0CE5EE1C}.Release|Any CPU.Build.0 = Release|Any CPU
		{38EFC4F8-D538-4093-970D-A913FD1CDBEF}.Debug|Any CPU.ActiveCfg = Debug|Any CPU
		{38EFC4F8-D538-4093-970D-A913FD1CDBEF}.Debug|Any CPU.Build.0 = Debug|Any CPU
		{38EFC4F8-D538-4093-970D-A913FD1CDBEF}.Release|Any CPU.ActiveCfg = Release|Any CPU
		{38EFC4F8-D538-4093-970D-A913FD1CDBEF}.Release|Any CPU.Build.0 = Release|Any CPU
		{2A2C7C4E-3A6F-4324-B501-CC99420372A6}.Debug|Any CPU.ActiveCfg = Debug|Any CPU
		{2A2C7C4E-3A6F-4324-B501-CC99420372A6}.Debug|Any CPU.Build.0 = Debug|Any CPU
		{2A2C7C4E-3A6F-4324-B501-CC99420372A6}.Release|Any CPU.ActiveCfg = Release|Any CPU
		{2A2C7C4E-3A6F-4324-B501-CC99420372A6}.Release|Any CPU.Build.0 = Release|Any CPU
		{C7105DDA-AB3F-4CAD-A31C-D8882DE0C3CB}.Debug|Any CPU.ActiveCfg = Debug|Any CPU
		{C7105DDA-AB3F-4CAD-A31C-D8882DE0C3CB}.Debug|Any CPU.Build.0 = Debug|Any CPU
		{C7105DDA-AB3F-4CAD-A31C-D8882DE0C3CB}.Release|Any CPU.ActiveCfg = Release|Any CPU
		{C7105DDA-AB3F-4CAD-A31C-D8882DE0C3CB}.Release|Any CPU.Build.0 = Release|Any CPU
		{3B9E892E-E693-4B31-BC4F-A320BA3A6B1C}.Debug|Any CPU.ActiveCfg = Debug|Any CPU
		{3B9E892E-E693-4B31-BC4F-A320BA3A6B1C}.Debug|Any CPU.Build.0 = Debug|Any CPU
		{3B9E892E-E693-4B31-BC4F-A320BA3A6B1C}.Release|Any CPU.ActiveCfg = Release|Any CPU
		{3B9E892E-E693-4B31-BC4F-A320BA3A6B1C}.Release|Any CPU.Build.0 = Release|Any CPU
	EndGlobalSection
	GlobalSection(SolutionProperties) = preSolution
		HideSolutionNode = FALSE
	EndGlobalSection
EndGlobal
